
Microsoft Visual Studio Solution File, Format Version 12.00
# Visual Studio Version 17
VisualStudioVersion = 17.4.33110.190
MinimumVisualStudioVersion = 10.0.40219.1
Project("{FAE04EC0-301F-11D3-BF4B-00C04F79EFBC}") = "HotelListing.API", "HotelListing.API\HotelListing.API.csproj", "{14575A49-A330-406B-B253-F7EAD00814EE}"
EndProject
Global
	GlobalSection(SolutionConfigurationPlatforms) = preSolution
		Debug|Any CPU = Debug|Any CPU
		Release|Any CPU = Release|Any CPU
	EndGlobalSection
	GlobalSection(ProjectConfigurationPlatforms) = postSolution
		{14575A49-A330-406B-B253-F7EAD00814EE}.Debug|Any CPU.ActiveCfg = Debug|Any CPU
		{14575A49-A330-406B-B253-F7EAD00814EE}.Debug|Any CPU.Build.0 = Debug|Any CPU
		{14575A49-A330-406B-B253-F7EAD00814EE}.Release|Any CPU.ActiveCfg = Release|Any CPU
		{14575A49-A330-406B-B253-F7EAD00814EE}.Release|Any CPU.Build.0 = Release|Any CPU
	EndGlobalSection
	GlobalSection(SolutionProperties) = preSolution
		HideSolutionNode = FALSE
	EndGlobalSection
	GlobalSection(ExtensibilityGlobals) = postSolution
		SolutionGuid = {AF5FAE41-9F5D-451E-B977-B071CD88BF60}
	EndGlobalSection
EndGlobal
